
Microsoft Visual Studio Solution File, Format Version 12.00
# Visual Studio 2012
Project("{FAE04EC0-301F-11D3-BF4B-00C04F79EFBC}") = "xamarin-image-gallery", "xamarin-image-gallery.csproj", "{AB96ADCE-A095-4275-89E5-1B5316D3D2F3}"
EndProject
Global
	GlobalSection(SolutionConfigurationPlatforms) = preSolution
		Debug|Any CPU = Debug|Any CPU
		Release|Any CPU = Release|Any CPU
	EndGlobalSection
	GlobalSection(ProjectConfigurationPlatforms) = postSolution
		{AB96ADCE-A095-4275-89E5-1B5316D3D2F3}.Debug|Any CPU.ActiveCfg = Debug|Any CPU
		{AB96ADCE-A095-4275-89E5-1B5316D3D2F3}.Debug|Any CPU.Build.0 = Debug|Any CPU
		{AB96ADCE-A095-4275-89E5-1B5316D3D2F3}.Release|Any CPU.ActiveCfg = Release|Any CPU
		{AB96ADCE-A095-4275-89E5-1B5316D3D2F3}.Release|Any CPU.Build.0 = Release|Any CPU
	EndGlobalSection
	GlobalSection(MonoDevelopProperties) = preSolution
		StartupItem = xamarin-image-gallery.csproj
	EndGlobalSection
EndGlobal
